// !$*UTF8*$!
{
	archiveVersion = 1;
	classes = {
	};
	objectVersion = 50;
	objects = {

/* Begin PBXBuildFile section */
		165FD8954245788E39D3C23A /* Pods_FallingWords.framework in Frameworks */ = {isa = PBXBuildFile; fileRef = 4F87A68711E4AFE1C7643402 /* Pods_FallingWords.framework */; };
		80CEBA4E23377C9D00FE10C6 /* AppDelegate.swift in Sources */ = {isa = PBXBuildFile; fileRef = 80CEBA4D23377C9D00FE10C6 /* AppDelegate.swift */; };
		80CEBA5023377C9D00FE10C6 /* HomeViewController.swift in Sources */ = {isa = PBXBuildFile; fileRef = 80CEBA4F23377C9D00FE10C6 /* HomeViewController.swift */; };
		80CEBA5323377C9E00FE10C6 /* Main.storyboard in Resources */ = {isa = PBXBuildFile; fileRef = 80CEBA5123377C9E00FE10C6 /* Main.storyboard */; };
		80CEBA5523377CA000FE10C6 /* Assets.xcassets in Resources */ = {isa = PBXBuildFile; fileRef = 80CEBA5423377CA000FE10C6 /* Assets.xcassets */; };
		80CEBA5823377CA000FE10C6 /* LaunchScreen.storyboard in Resources */ = {isa = PBXBuildFile; fileRef = 80CEBA5623377CA000FE10C6 /* LaunchScreen.storyboard */; };
		80CEBA7923377F0800FE10C6 /* UIViewController+Extension.swift in Sources */ = {isa = PBXBuildFile; fileRef = 80CEBA6E23377F0700FE10C6 /* UIViewController+Extension.swift */; };
		80CEBA7A23377F0800FE10C6 /* Word.swift in Sources */ = {isa = PBXBuildFile; fileRef = 80CEBA7023377F0700FE10C6 /* Word.swift */; };
		80CEBA7B23377F0800FE10C6 /* Utils.swift in Sources */ = {isa = PBXBuildFile; fileRef = 80CEBA7223377F0700FE10C6 /* Utils.swift */; };
		80CEBA7C23377F0800FE10C6 /* Constants.swift in Sources */ = {isa = PBXBuildFile; fileRef = 80CEBA7423377F0800FE10C6 /* Constants.swift */; };
		80CEBA7D23377F0800FE10C6 /* NetworkManager.swift in Sources */ = {isa = PBXBuildFile; fileRef = 80CEBA7623377F0800FE10C6 /* NetworkManager.swift */; };
		80CEBA7E23377F0800FE10C6 /* WordsManager.swift in Sources */ = {isa = PBXBuildFile; fileRef = 80CEBA7723377F0800FE10C6 /* WordsManager.swift */; };
		80CEBA7F23377F0800FE10C6 /* DatabaseManager.swift in Sources */ = {isa = PBXBuildFile; fileRef = 80CEBA7823377F0800FE10C6 /* DatabaseManager.swift */; };
		80CEBA81233781A700FE10C6 /* WordsDataTests.swift in Sources */ = {isa = PBXBuildFile; fileRef = 80CEBA80233781A700FE10C6 /* WordsDataTests.swift */; };
		80CEBA88233810FA00FE10C6 /* GameViewController.swift in Sources */ = {isa = PBXBuildFile; fileRef = 80CEBA87233810FA00FE10C6 /* GameViewController.swift */; };
		80CEBA8C2338124E00FE10C6 /* HomeViewModel.swift in Sources */ = {isa = PBXBuildFile; fileRef = 80CEBA8B2338124E00FE10C6 /* HomeViewModel.swift */; };
		80CEBA8E233819F600FE10C6 /* GameManager.swift in Sources */ = {isa = PBXBuildFile; fileRef = 80CEBA8D233819F600FE10C6 /* GameManager.swift */; };
		80CEBA90233824DA00FE10C6 /* Enums.swift in Sources */ = {isa = PBXBuildFile; fileRef = 80CEBA8F233824DA00FE10C6 /* Enums.swift */; };
		80CEBA922338276E00FE10C6 /* GameViewModel.swift in Sources */ = {isa = PBXBuildFile; fileRef = 80CEBA912338276E00FE10C6 /* GameViewModel.swift */; };
		80CEBA99233839BF00FE10C6 /* matching.mp3 in Resources */ = {isa = PBXBuildFile; fileRef = 80CEBA95233839BF00FE10C6 /* matching.mp3 */; };
		80CEBA9A233839BF00FE10C6 /* error.mp3 in Resources */ = {isa = PBXBuildFile; fileRef = 80CEBA96233839BF00FE10C6 /* error.mp3 */; };
		80CEBA9D23385F0100FE10C6 /* TaDa.mp3 in Resources */ = {isa = PBXBuildFile; fileRef = 80CEBA9C23385F0100FE10C6 /* TaDa.mp3 */; };
/* End PBXBuildFile section */

/* Begin PBXContainerItemProxy section */
		80CEBA5F23377CA000FE10C6 /* PBXContainerItemProxy */ = {
			isa = PBXContainerItemProxy;
			containerPortal = 80CEBA4223377C9D00FE10C6 /* Project object */;
			proxyType = 1;
			remoteGlobalIDString = 80CEBA4923377C9D00FE10C6;
			remoteInfo = FallingWords;
		};
/* End PBXContainerItemProxy section */

/* Begin PBXFileReference section */
		4F87A68711E4AFE1C7643402 /* Pods_FallingWords.framework */ = {isa = PBXFileReference; explicitFileType = wrapper.framework; includeInIndex = 0; path = Pods_FallingWords.framework; sourceTree = BUILT_PRODUCTS_DIR; };
		80CEBA4A23377C9D00FE10C6 /* FallingWords.app */ = {isa = PBXFileReference; explicitFileType = wrapper.application; includeInIndex = 0; path = FallingWords.app; sourceTree = BUILT_PRODUCTS_DIR; };
		80CEBA4D23377C9D00FE10C6 /* AppDelegate.swift */ = {isa = PBXFileReference; lastKnownFileType = sourcecode.swift; path = AppDelegate.swift; sourceTree = "<group>"; };
		80CEBA4F23377C9D00FE10C6 /* HomeViewController.swift */ = {isa = PBXFileReference; lastKnownFileType = sourcecode.swift; path = HomeViewController.swift; sourceTree = "<group>"; };
		80CEBA5223377C9E00FE10C6 /* Base */ = {isa = PBXFileReference; lastKnownFileType = file.storyboard; name = Base; path = Base.lproj/Main.storyboard; sourceTree = "<group>"; };
		80CEBA5423377CA000FE10C6 /* Assets.xcassets */ = {isa = PBXFileReference; lastKnownFileType = folder.assetcatalog; path = Assets.xcassets; sourceTree = "<group>"; };
		80CEBA5723377CA000FE10C6 /* Base */ = {isa = PBXFileReference; lastKnownFileType = file.storyboard; name = Base; path = Base.lproj/LaunchScreen.storyboard; sourceTree = "<group>"; };
		80CEBA5923377CA000FE10C6 /* Info.plist */ = {isa = PBXFileReference; lastKnownFileType = text.plist.xml; path = Info.plist; sourceTree = "<group>"; };
		80CEBA5E23377CA000FE10C6 /* FallingWordsTests.xctest */ = {isa = PBXFileReference; explicitFileType = wrapper.cfbundle; includeInIndex = 0; path = FallingWordsTests.xctest; sourceTree = BUILT_PRODUCTS_DIR; };
		80CEBA6423377CA000FE10C6 /* Info.plist */ = {isa = PBXFileReference; lastKnownFileType = text.plist.xml; path = Info.plist; sourceTree = "<group>"; };
		80CEBA6E23377F0700FE10C6 /* UIViewController+Extension.swift */ = {isa = PBXFileReference; fileEncoding = 4; lastKnownFileType = sourcecode.swift; path = "UIViewController+Extension.swift"; sourceTree = "<group>"; };
		80CEBA7023377F0700FE10C6 /* Word.swift */ = {isa = PBXFileReference; fileEncoding = 4; lastKnownFileType = sourcecode.swift; path = Word.swift; sourceTree = "<group>"; };
		80CEBA7223377F0700FE10C6 /* Utils.swift */ = {isa = PBXFileReference; fileEncoding = 4; lastKnownFileType = sourcecode.swift; path = Utils.swift; sourceTree = "<group>"; };
		80CEBA7423377F0800FE10C6 /* Constants.swift */ = {isa = PBXFileReference; fileEncoding = 4; lastKnownFileType = sourcecode.swift; path = Constants.swift; sourceTree = "<group>"; };
		80CEBA7623377F0800FE10C6 /* NetworkManager.swift */ = {isa = PBXFileReference; fileEncoding = 4; lastKnownFileType = sourcecode.swift; path = NetworkManager.swift; sourceTree = "<group>"; };
		80CEBA7723377F0800FE10C6 /* WordsManager.swift */ = {isa = PBXFileReference; fileEncoding = 4; lastKnownFileType = sourcecode.swift; path = WordsManager.swift; sourceTree = "<group>"; };
		80CEBA7823377F0800FE10C6 /* DatabaseManager.swift */ = {isa = PBXFileReference; fileEncoding = 4; lastKnownFileType = sourcecode.swift; path = DatabaseManager.swift; sourceTree = "<group>"; };
		80CEBA80233781A700FE10C6 /* WordsDataTests.swift */ = {isa = PBXFileReference; lastKnownFileType = sourcecode.swift; path = WordsDataTests.swift; sourceTree = "<group>"; };
		80CEBA87233810FA00FE10C6 /* GameViewController.swift */ = {isa = PBXFileReference; lastKnownFileType = sourcecode.swift; path = GameViewController.swift; sourceTree = "<group>"; };
		80CEBA8B2338124E00FE10C6 /* HomeViewModel.swift */ = {isa = PBXFileReference; lastKnownFileType = sourcecode.swift; path = HomeViewModel.swift; sourceTree = "<group>"; };
		80CEBA8D233819F600FE10C6 /* GameManager.swift */ = {isa = PBXFileReference; lastKnownFileType = sourcecode.swift; path = GameManager.swift; sourceTree = "<group>"; };
		80CEBA8F233824DA00FE10C6 /* Enums.swift */ = {isa = PBXFileReference; lastKnownFileType = sourcecode.swift; path = Enums.swift; sourceTree = "<group>"; };
		80CEBA912338276E00FE10C6 /* GameViewModel.swift */ = {isa = PBXFileReference; lastKnownFileType = sourcecode.swift; path = GameViewModel.swift; sourceTree = "<group>"; };
		80CEBA95233839BF00FE10C6 /* matching.mp3 */ = {isa = PBXFileReference; lastKnownFileType = audio.mp3; path = matching.mp3; sourceTree = "<group>"; };
		80CEBA96233839BF00FE10C6 /* error.mp3 */ = {isa = PBXFileReference; lastKnownFileType = audio.mp3; path = error.mp3; sourceTree = "<group>"; };
		80CEBA9C23385F0100FE10C6 /* TaDa.mp3 */ = {isa = PBXFileReference; lastKnownFileType = audio.mp3; path = TaDa.mp3; sourceTree = "<group>"; };
		ABEB6D9DEA31775C5B449824 /* Pods-FallingWords.debug.xcconfig */ = {isa = PBXFileReference; includeInIndex = 1; lastKnownFileType = text.xcconfig; name = "Pods-FallingWords.debug.xcconfig"; path = "Target Support Files/Pods-FallingWords/Pods-FallingWords.debug.xcconfig"; sourceTree = "<group>"; };
		F6AB071601895EF24A648419 /* Pods-FallingWords.release.xcconfig */ = {isa = PBXFileReference; includeInIndex = 1; lastKnownFileType = text.xcconfig; name = "Pods-FallingWords.release.xcconfig"; path = "Target Support Files/Pods-FallingWords/Pods-FallingWords.release.xcconfig"; sourceTree = "<group>"; };
/* End PBXFileReference section */

/* Begin PBXFrameworksBuildPhase section */
		80CEBA4723377C9D00FE10C6 /* Frameworks */ = {
			isa = PBXFrameworksBuildPhase;
			buildActionMask = 2147483647;
			files = (
				165FD8954245788E39D3C23A /* Pods_FallingWords.framework in Frameworks */,
			);
			runOnlyForDeploymentPostprocessing = 0;
		};
		80CEBA5B23377CA000FE10C6 /* Frameworks */ = {
			isa = PBXFrameworksBuildPhase;
			buildActionMask = 2147483647;
			files = (
			);
			runOnlyForDeploymentPostprocessing = 0;
		};
/* End PBXFrameworksBuildPhase section */

/* Begin PBXGroup section */
		80CEBA4123377C9D00FE10C6 = {
			isa = PBXGroup;
			children = (
				80CEBA4C23377C9D00FE10C6 /* FallingWords */,
				80CEBA6123377CA000FE10C6 /* FallingWordsTests */,
				80CEBA4B23377C9D00FE10C6 /* Products */,
				E404C8CA0AD259689A06417A /* Pods */,
				D18D58349531CCACD97585A5 /* Frameworks */,
			);
			sourceTree = "<group>";
		};
		80CEBA4B23377C9D00FE10C6 /* Products */ = {
			isa = PBXGroup;
			children = (
				80CEBA4A23377C9D00FE10C6 /* FallingWords.app */,
				80CEBA5E23377CA000FE10C6 /* FallingWordsTests.xctest */,
			);
			name = Products;
			sourceTree = "<group>";
		};
		80CEBA4C23377C9D00FE10C6 /* FallingWords */ = {
			isa = PBXGroup;
			children = (
				80CEBA822338106D00FE10C6 /* UI */,
				80CEBA7323377F0800FE10C6 /* Constants */,
				80CEBA6D23377F0700FE10C6 /* Extensions */,
				80CEBA7523377F0800FE10C6 /* Managers */,
				80CEBA6F23377F0700FE10C6 /* Models */,
				80CEBA7123377F0700FE10C6 /* Utils */,
				80CEBA93233839BF00FE10C6 /* sounds */,
				80CEBA4D23377C9D00FE10C6 /* AppDelegate.swift */,
				80CEBA5123377C9E00FE10C6 /* Main.storyboard */,
				80CEBA5423377CA000FE10C6 /* Assets.xcassets */,
				80CEBA5623377CA000FE10C6 /* LaunchScreen.storyboard */,
				80CEBA5923377CA000FE10C6 /* Info.plist */,
			);
			path = FallingWords;
			sourceTree = "<group>";
		};
		80CEBA6123377CA000FE10C6 /* FallingWordsTests */ = {
			isa = PBXGroup;
			children = (
				80CEBA6423377CA000FE10C6 /* Info.plist */,
				80CEBA80233781A700FE10C6 /* WordsDataTests.swift */,
			);
			path = FallingWordsTests;
			sourceTree = "<group>";
		};
		80CEBA6D23377F0700FE10C6 /* Extensions */ = {
			isa = PBXGroup;
			children = (
				80CEBA6E23377F0700FE10C6 /* UIViewController+Extension.swift */,
			);
			path = Extensions;
			sourceTree = "<group>";
		};
		80CEBA6F23377F0700FE10C6 /* Models */ = {
			isa = PBXGroup;
			children = (
				80CEBA7023377F0700FE10C6 /* Word.swift */,
			);
			path = Models;
			sourceTree = "<group>";
		};
		80CEBA7123377F0700FE10C6 /* Utils */ = {
			isa = PBXGroup;
			children = (
				80CEBA7223377F0700FE10C6 /* Utils.swift */,
			);
			path = Utils;
			sourceTree = "<group>";
		};
		80CEBA7323377F0800FE10C6 /* Constants */ = {
			isa = PBXGroup;
			children = (
				80CEBA7423377F0800FE10C6 /* Constants.swift */,
				80CEBA8F233824DA00FE10C6 /* Enums.swift */,
			);
			path = Constants;
			sourceTree = "<group>";
		};
		80CEBA7523377F0800FE10C6 /* Managers */ = {
			isa = PBXGroup;
			children = (
				80CEBA7623377F0800FE10C6 /* NetworkManager.swift */,
				80CEBA7723377F0800FE10C6 /* WordsManager.swift */,
				80CEBA7823377F0800FE10C6 /* DatabaseManager.swift */,
				80CEBA8D233819F600FE10C6 /* GameManager.swift */,
			);
			path = Managers;
			sourceTree = "<group>";
		};
		80CEBA822338106D00FE10C6 /* UI */ = {
			isa = PBXGroup;
			children = (
				80CEBA842338109D00FE10C6 /* Game */,
				80CEBA832338107700FE10C6 /* Home */,
			);
			path = UI;
			sourceTree = "<group>";
		};
		80CEBA832338107700FE10C6 /* Home */ = {
			isa = PBXGroup;
			children = (
				80CEBA86233810CA00FE10C6 /* ViewModel */,
				80CEBA85233810B900FE10C6 /* ViewController */,
			);
			path = Home;
			sourceTree = "<group>";
		};
		80CEBA842338109D00FE10C6 /* Game */ = {
			isa = PBXGroup;
			children = (
				80CEBA8A2338111700FE10C6 /* ViewModel */,
				80CEBA892338110E00FE10C6 /* ViewController */,
			);
			path = Game;
			sourceTree = "<group>";
		};
		80CEBA85233810B900FE10C6 /* ViewController */ = {
			isa = PBXGroup;
			children = (
				80CEBA4F23377C9D00FE10C6 /* HomeViewController.swift */,
			);
			path = ViewController;
			sourceTree = "<group>";
		};
		80CEBA86233810CA00FE10C6 /* ViewModel */ = {
			isa = PBXGroup;
			children = (
				80CEBA8B2338124E00FE10C6 /* HomeViewModel.swift */,
			);
			path = ViewModel;
			sourceTree = "<group>";
		};
		80CEBA892338110E00FE10C6 /* ViewController */ = {
			isa = PBXGroup;
			children = (
				80CEBA87233810FA00FE10C6 /* GameViewController.swift */,
			);
			path = ViewController;
			sourceTree = "<group>";
		};
		80CEBA8A2338111700FE10C6 /* ViewModel */ = {
			isa = PBXGroup;
			children = (
				80CEBA912338276E00FE10C6 /* GameViewModel.swift */,
			);
			path = ViewModel;
			sourceTree = "<group>";
		};
		80CEBA93233839BF00FE10C6 /* sounds */ = {
			isa = PBXGroup;
			children = (
				80CEBA9C23385F0100FE10C6 /* TaDa.mp3 */,
				80CEBA95233839BF00FE10C6 /* matching.mp3 */,
				80CEBA96233839BF00FE10C6 /* error.mp3 */,
			);
			path = sounds;
			sourceTree = "<group>";
		};
		D18D58349531CCACD97585A5 /* Frameworks */ = {
			isa = PBXGroup;
			children = (
				4F87A68711E4AFE1C7643402 /* Pods_FallingWords.framework */,
			);
			name = Frameworks;
			sourceTree = "<group>";
		};
		E404C8CA0AD259689A06417A /* Pods */ = {
			isa = PBXGroup;
			children = (
				ABEB6D9DEA31775C5B449824 /* Pods-FallingWords.debug.xcconfig */,
				F6AB071601895EF24A648419 /* Pods-FallingWords.release.xcconfig */,
			);
			path = Pods;
			sourceTree = "<group>";
		};
/* End PBXGroup section */

/* Begin PBXNativeTarget section */
		80CEBA4923377C9D00FE10C6 /* FallingWords */ = {
			isa = PBXNativeTarget;
			buildConfigurationList = 80CEBA6723377CA000FE10C6 /* Build configuration list for PBXNativeTarget "FallingWords" */;
			buildPhases = (
				071B8B467C3A6995ED20F4A1 /* [CP] Check Pods Manifest.lock */,
				80CEBA4623377C9D00FE10C6 /* Sources */,
				80CEBA4723377C9D00FE10C6 /* Frameworks */,
				80CEBA4823377C9D00FE10C6 /* Resources */,
				0206B476B6725269C502956C /* [CP] Embed Pods Frameworks */,
			);
			buildRules = (
			);
			dependencies = (
			);
			name = FallingWords;
			productName = FallingWords;
			productReference = 80CEBA4A23377C9D00FE10C6 /* FallingWords.app */;
			productType = "com.apple.product-type.application";
		};
		80CEBA5D23377CA000FE10C6 /* FallingWordsTests */ = {
			isa = PBXNativeTarget;
			buildConfigurationList = 80CEBA6A23377CA000FE10C6 /* Build configuration list for PBXNativeTarget "FallingWordsTests" */;
			buildPhases = (
				80CEBA5A23377CA000FE10C6 /* Sources */,
				80CEBA5B23377CA000FE10C6 /* Frameworks */,
				80CEBA5C23377CA000FE10C6 /* Resources */,
			);
			buildRules = (
			);
			dependencies = (
				80CEBA6023377CA000FE10C6 /* PBXTargetDependency */,
			);
			name = FallingWordsTests;
			productName = FallingWordsTests;
			productReference = 80CEBA5E23377CA000FE10C6 /* FallingWordsTests.xctest */;
			productType = "com.apple.product-type.bundle.unit-test";
		};
/* End PBXNativeTarget section */

/* Begin PBXProject section */
		80CEBA4223377C9D00FE10C6 /* Project object */ = {
			isa = PBXProject;
			attributes = {
				LastSwiftUpdateCheck = 1020;
				LastUpgradeCheck = 1020;
				ORGANIZATIONNAME = Babbel;
				TargetAttributes = {
					80CEBA4923377C9D00FE10C6 = {
						CreatedOnToolsVersion = 10.2.1;
					};
					80CEBA5D23377CA000FE10C6 = {
						CreatedOnToolsVersion = 10.2.1;
						TestTargetID = 80CEBA4923377C9D00FE10C6;
					};
				};
			};
			buildConfigurationList = 80CEBA4523377C9D00FE10C6 /* Build configuration list for PBXProject "FallingWords" */;
			compatibilityVersion = "Xcode 9.3";
			developmentRegion = en;
			hasScannedForEncodings = 0;
			knownRegions = (
				en,
				Base,
			);
			mainGroup = 80CEBA4123377C9D00FE10C6;
			productRefGroup = 80CEBA4B23377C9D00FE10C6 /* Products */;
			projectDirPath = "";
			projectRoot = "";
			targets = (
				80CEBA4923377C9D00FE10C6 /* FallingWords */,
				80CEBA5D23377CA000FE10C6 /* FallingWordsTests */,
			);
		};
/* End PBXProject section */

/* Begin PBXResourcesBuildPhase section */
		80CEBA4823377C9D00FE10C6 /* Resources */ = {
			isa = PBXResourcesBuildPhase;
			buildActionMask = 2147483647;
			files = (
				80CEBA9D23385F0100FE10C6 /* TaDa.mp3 in Resources */,
				80CEBA5823377CA000FE10C6 /* LaunchScreen.storyboard in Resources */,
				80CEBA99233839BF00FE10C6 /* matching.mp3 in Resources */,
				80CEBA9A233839BF00FE10C6 /* error.mp3 in Resources */,
				80CEBA5523377CA000FE10C6 /* Assets.xcassets in Resources */,
				80CEBA5323377C9E00FE10C6 /* Main.storyboard in Resources */,
			);
			runOnlyForDeploymentPostprocessing = 0;
		};
		80CEBA5C23377CA000FE10C6 /* Resources */ = {
			isa = PBXResourcesBuildPhase;
			buildActionMask = 2147483647;
			files = (
			);
			runOnlyForDeploymentPostprocessing = 0;
		};
/* End PBXResourcesBuildPhase section */

/* Begin PBXShellScriptBuildPhase section */
		0206B476B6725269C502956C /* [CP] Embed Pods Frameworks */ = {
			isa = PBXShellScriptBuildPhase;
			buildActionMask = 2147483647;
			files = (
			);
			inputFileListPaths = (
			);
			inputPaths = (
				"${PODS_ROOT}/Target Support Files/Pods-FallingWords/Pods-FallingWords-frameworks.sh",
				"${BUILT_PRODUCTS_DIR}/Alamofire/Alamofire.framework",
				"${BUILT_PRODUCTS_DIR}/AudioPlayerSwift/AudioPlayer.framework",
				"${BUILT_PRODUCTS_DIR}/Realm/Realm.framework",
				"${BUILT_PRODUCTS_DIR}/RealmSwift/RealmSwift.framework",
				"${BUILT_PRODUCTS_DIR}/SwiftyJSON/SwiftyJSON.framework",
				"${BUILT_PRODUCTS_DIR}/Toast/Toast.framework",
			);
			name = "[CP] Embed Pods Frameworks";
			outputFileListPaths = (
			);
			outputPaths = (
				"${TARGET_BUILD_DIR}/${FRAMEWORKS_FOLDER_PATH}/Alamofire.framework",
				"${TARGET_BUILD_DIR}/${FRAMEWORKS_FOLDER_PATH}/AudioPlayer.framework",
				"${TARGET_BUILD_DIR}/${FRAMEWORKS_FOLDER_PATH}/Realm.framework",
				"${TARGET_BUILD_DIR}/${FRAMEWORKS_FOLDER_PATH}/RealmSwift.framework",
				"${TARGET_BUILD_DIR}/${FRAMEWORKS_FOLDER_PATH}/SwiftyJSON.framework",
				"${TARGET_BUILD_DIR}/${FRAMEWORKS_FOLDER_PATH}/Toast.framework",
			);
			runOnlyForDeploymentPostprocessing = 0;
			shellPath = /bin/sh;
			shellScript = "\"${PODS_ROOT}/Target Support Files/Pods-FallingWords/Pods-FallingWords-frameworks.sh\"\n";
			showEnvVarsInLog = 0;
		};
		071B8B467C3A6995ED20F4A1 /* [CP] Check Pods Manifest.lock */ = {
			isa = PBXShellScriptBuildPhase;
			buildActionMask = 2147483647;
			files = (
			);
			inputFileListPaths = (
			);
			inputPaths = (
				"${PODS_PODFILE_DIR_PATH}/Podfile.lock",
				"${PODS_ROOT}/Manifest.lock",
			);
			name = "[CP] Check Pods Manifest.lock";
			outputFileListPaths = (
			);
			outputPaths = (
				"$(DERIVED_FILE_DIR)/Pods-FallingWords-checkManifestLockResult.txt",
			);
			runOnlyForDeploymentPostprocessing = 0;
			shellPath = /bin/sh;
			shellScript = "diff \"${PODS_PODFILE_DIR_PATH}/Podfile.lock\" \"${PODS_ROOT}/Manifest.lock\" > /dev/null\nif [ $? != 0 ] ; then\n    # print error to STDERR\n    echo \"error: The sandbox is not in sync with the Podfile.lock. Run 'pod install' or update your CocoaPods installation.\" >&2\n    exit 1\nfi\n# This output is used by Xcode 'outputs' to avoid re-running this script phase.\necho \"SUCCESS\" > \"${SCRIPT_OUTPUT_FILE_0}\"\n";
			showEnvVarsInLog = 0;
		};
/* End PBXShellScriptBuildPhase section */

/* Begin PBXSourcesBuildPhase section */
		80CEBA4623377C9D00FE10C6 /* Sources */ = {
			isa = PBXSourcesBuildPhase;
			buildActionMask = 2147483647;
			files = (
				80CEBA88233810FA00FE10C6 /* GameViewController.swift in Sources */,
				80CEBA8E233819F600FE10C6 /* GameManager.swift in Sources */,
				80CEBA8C2338124E00FE10C6 /* HomeViewModel.swift in Sources */,
				80CEBA7B23377F0800FE10C6 /* Utils.swift in Sources */,
				80CEBA7923377F0800FE10C6 /* UIViewController+Extension.swift in Sources */,
				80CEBA7A23377F0800FE10C6 /* Word.swift in Sources */,
				80CEBA922338276E00FE10C6 /* GameViewModel.swift in Sources */,
				80CEBA7D23377F0800FE10C6 /* NetworkManager.swift in Sources */,
				80CEBA90233824DA00FE10C6 /* Enums.swift in Sources */,
				80CEBA5023377C9D00FE10C6 /* HomeViewController.swift in Sources */,
				80CEBA4E23377C9D00FE10C6 /* AppDelegate.swift in Sources */,
				80CEBA7C23377F0800FE10C6 /* Constants.swift in Sources */,
				80CEBA7E23377F0800FE10C6 /* WordsManager.swift in Sources */,
				80CEBA7F23377F0800FE10C6 /* DatabaseManager.swift in Sources */,
			);
			runOnlyForDeploymentPostprocessing = 0;
		};
		80CEBA5A23377CA000FE10C6 /* Sources */ = {
			isa = PBXSourcesBuildPhase;
			buildActionMask = 2147483647;
			files = (
				80CEBA81233781A700FE10C6 /* WordsDataTests.swift in Sources */,
			);
			runOnlyForDeploymentPostprocessing = 0;
		};
/* End PBXSourcesBuildPhase section */

/* Begin PBXTargetDependency section */
		80CEBA6023377CA000FE10C6 /* PBXTargetDependency */ = {
			isa = PBXTargetDependency;
			target = 80CEBA4923377C9D00FE10C6 /* FallingWords */;
			targetProxy = 80CEBA5F23377CA000FE10C6 /* PBXContainerItemProxy */;
		};
/* End PBXTargetDependency section */

/* Begin PBXVariantGroup section */
		80CEBA5123377C9E00FE10C6 /* Main.storyboard */ = {
			isa = PBXVariantGroup;
			children = (
				80CEBA5223377C9E00FE10C6 /* Base */,
			);
			name = Main.storyboard;
			sourceTree = "<group>";
		};
		80CEBA5623377CA000FE10C6 /* LaunchScreen.storyboard */ = {
			isa = PBXVariantGroup;
			children = (
				80CEBA5723377CA000FE10C6 /* Base */,
			);
			name = LaunchScreen.storyboard;
			sourceTree = "<group>";
		};
/* End PBXVariantGroup section */

/* Begin XCBuildConfiguration section */
		80CEBA6523377CA000FE10C6 /* Debug */ = {
			isa = XCBuildConfiguration;
			buildSettings = {
				ALWAYS_SEARCH_USER_PATHS = NO;
				CLANG_ANALYZER_NONNULL = YES;
				CLANG_ANALYZER_NUMBER_OBJECT_CONVERSION = YES_AGGRESSIVE;
				CLANG_CXX_LANGUAGE_STANDARD = "gnu++14";
				CLANG_CXX_LIBRARY = "libc++";
				CLANG_ENABLE_MODULES = YES;
				CLANG_ENABLE_OBJC_ARC = YES;
				CLANG_ENABLE_OBJC_WEAK = YES;
				CLANG_WARN_BLOCK_CAPTURE_AUTORELEASING = YES;
				CLANG_WARN_BOOL_CONVERSION = YES;
				CLANG_WARN_COMMA = YES;
				CLANG_WARN_CONSTANT_CONVERSION = YES;
				CLANG_WARN_DEPRECATED_OBJC_IMPLEMENTATIONS = YES;
				CLANG_WARN_DIRECT_OBJC_ISA_USAGE = YES_ERROR;
				CLANG_WARN_DOCUMENTATION_COMMENTS = YES;
				CLANG_WARN_EMPTY_BODY = YES;
				CLANG_WARN_ENUM_CONVERSION = YES;
				CLANG_WARN_INFINITE_RECURSION = YES;
				CLANG_WARN_INT_CONVERSION = YES;
				CLANG_WARN_NON_LITERAL_NULL_CONVERSION = YES;
				CLANG_WARN_OBJC_IMPLICIT_RETAIN_SELF = YES;
				CLANG_WARN_OBJC_LITERAL_CONVERSION = YES;
				CLANG_WARN_OBJC_ROOT_CLASS = YES_ERROR;
				CLANG_WARN_RANGE_LOOP_ANALYSIS = YES;
				CLANG_WARN_STRICT_PROTOTYPES = YES;
				CLANG_WARN_SUSPICIOUS_MOVE = YES;
				CLANG_WARN_UNGUARDED_AVAILABILITY = YES_AGGRESSIVE;
				CLANG_WARN_UNREACHABLE_CODE = YES;
				CLANG_WARN__DUPLICATE_METHOD_MATCH = YES;
				CODE_SIGN_IDENTITY = "iPhone Developer";
				COPY_PHASE_STRIP = NO;
				DEBUG_INFORMATION_FORMAT = dwarf;
				ENABLE_STRICT_OBJC_MSGSEND = YES;
				ENABLE_TESTABILITY = YES;
				GCC_C_LANGUAGE_STANDARD = gnu11;
				GCC_DYNAMIC_NO_PIC = NO;
				GCC_NO_COMMON_BLOCKS = YES;
				GCC_OPTIMIZATION_LEVEL = 0;
				GCC_PREPROCESSOR_DEFINITIONS = (
					"DEBUG=1",
					"$(inherited)",
				);
				GCC_WARN_64_TO_32_BIT_CONVERSION = YES;
				GCC_WARN_ABOUT_RETURN_TYPE = YES_ERROR;
				GCC_WARN_UNDECLARED_SELECTOR = YES;
				GCC_WARN_UNINITIALIZED_AUTOS = YES_AGGRESSIVE;
				GCC_WARN_UNUSED_FUNCTION = YES;
				GCC_WARN_UNUSED_VARIABLE = YES;
				IPHONEOS_DEPLOYMENT_TARGET = 12.2;
				MTL_ENABLE_DEBUG_INFO = INCLUDE_SOURCE;
				MTL_FAST_MATH = YES;
				ONLY_ACTIVE_ARCH = YES;
				SDKROOT = iphoneos;
				SWIFT_ACTIVE_COMPILATION_CONDITIONS = DEBUG;
				SWIFT_OPTIMIZATION_LEVEL = "-Onone";
			};
			name = Debug;
		};
		80CEBA6623377CA000FE10C6 /* Release */ = {
			isa = XCBuildConfiguration;
			buildSettings = {
				ALWAYS_SEARCH_USER_PATHS = NO;
				CLANG_ANALYZER_NONNULL = YES;
				CLANG_ANALYZER_NUMBER_OBJECT_CONVERSION = YES_AGGRESSIVE;
				CLANG_CXX_LANGUAGE_STANDARD = "gnu++14";
				CLANG_CXX_LIBRARY = "libc++";
				CLANG_ENABLE_MODULES = YES;
				CLANG_ENABLE_OBJC_ARC = YES;
				CLANG_ENABLE_OBJC_WEAK = YES;
				CLANG_WARN_BLOCK_CAPTURE_AUTORELEASING = YES;
				CLANG_WARN_BOOL_CONVERSION = YES;
				CLANG_WARN_COMMA = YES;
				CLANG_WARN_CONSTANT_CONVERSION = YES;
				CLANG_WARN_DEPRECATED_OBJC_IMPLEMENTATIONS = YES;
				CLANG_WARN_DIRECT_OBJC_ISA_USAGE = YES_ERROR;
				CLANG_WARN_DOCUMENTATION_COMMENTS = YES;
				CLANG_WARN_EMPTY_BODY = YES;
				CLANG_WARN_ENUM_CONVERSION = YES;
				CLANG_WARN_INFINITE_RECURSION = YES;
				CLANG_WARN_INT_CONVERSION = YES;
				CLANG_WARN_NON_LITERAL_NULL_CONVERSION = YES;
				CLANG_WARN_OBJC_IMPLICIT_RETAIN_SELF = YES;
				CLANG_WARN_OBJC_LITERAL_CONVERSION = YES;
				CLANG_WARN_OBJC_ROOT_CLASS = YES_ERROR;
				CLANG_WARN_RANGE_LOOP_ANALYSIS = YES;
				CLANG_WARN_STRICT_PROTOTYPES = YES;
				CLANG_WARN_SUSPICIOUS_MOVE = YES;
				CLANG_WARN_UNGUARDED_AVAILABILITY = YES_AGGRESSIVE;
				CLANG_WARN_UNREACHABLE_CODE = YES;
				CLANG_WARN__DUPLICATE_METHOD_MATCH = YES;
				CODE_SIGN_IDENTITY = "iPhone Developer";
				COPY_PHASE_STRIP = NO;
				DEBUG_INFORMATION_FORMAT = "dwarf-with-dsym";
				ENABLE_NS_ASSERTIONS = NO;
				ENABLE_STRICT_OBJC_MSGSEND = YES;
				GCC_C_LANGUAGE_STANDARD = gnu11;
				GCC_NO_COMMON_BLOCKS = YES;
				GCC_WARN_64_TO_32_BIT_CONVERSION = YES;
				GCC_WARN_ABOUT_RETURN_TYPE = YES_ERROR;
				GCC_WARN_UNDECLARED_SELECTOR = YES;
				GCC_WARN_UNINITIALIZED_AUTOS = YES_AGGRESSIVE;
				GCC_WARN_UNUSED_FUNCTION = YES;
				GCC_WARN_UNUSED_VARIABLE = YES;
				IPHONEOS_DEPLOYMENT_TARGET = 12.2;
				MTL_ENABLE_DEBUG_INFO = NO;
				MTL_FAST_MATH = YES;
				SDKROOT = iphoneos;
				SWIFT_COMPILATION_MODE = wholemodule;
				SWIFT_OPTIMIZATION_LEVEL = "-O";
				VALIDATE_PRODUCT = YES;
			};
			name = Release;
		};
		80CEBA6823377CA000FE10C6 /* Debug */ = {
			isa = XCBuildConfiguration;
			baseConfigurationReference = ABEB6D9DEA31775C5B449824 /* Pods-FallingWords.debug.xcconfig */;
			buildSettings = {
				ASSETCATALOG_COMPILER_APPICON_NAME = AppIcon;
				CODE_SIGN_STYLE = Automatic;
				INFOPLIST_FILE = FallingWords/Info.plist;
				LD_RUNPATH_SEARCH_PATHS = (
					"$(inherited)",
					"@executable_path/Frameworks",
				);
				PRODUCT_BUNDLE_IDENTIFIER = com.babbel.fallingwords.FallingWords;
				PRODUCT_NAME = "$(TARGET_NAME)";
				SWIFT_VERSION = 5.0;
				TARGETED_DEVICE_FAMILY = "1,2";
			};
			name = Debug;
		};
		80CEBA6923377CA000FE10C6 /* Release */ = {
			isa = XCBuildConfiguration;
			baseConfigurationReference = F6AB071601895EF24A648419 /* Pods-FallingWords.release.xcconfig */;
			buildSettings = {
				ASSETCATALOG_COMPILER_APPICON_NAME = AppIcon;
				CODE_SIGN_STYLE = Automatic;
				INFOPLIST_FILE = FallingWords/Info.plist;
				LD_RUNPATH_SEARCH_PATHS = (
					"$(inherited)",
					"@executable_path/Frameworks",
				);
				PRODUCT_BUNDLE_IDENTIFIER = com.babbel.fallingwords.FallingWords;
				PRODUCT_NAME = "$(TARGET_NAME)";
				SWIFT_VERSION = 5.0;
				TARGETED_DEVICE_FAMILY = "1,2";
			};
			name = Release;
		};
		80CEBA6B23377CA000FE10C6 /* Debug */ = {
			isa = XCBuildConfiguration;
			buildSettings = {
				ALWAYS_EMBED_SWIFT_STANDARD_LIBRARIES = YES;
				BUNDLE_LOADER = "$(TEST_HOST)";
				CODE_SIGN_STYLE = Automatic;
				INFOPLIST_FILE = FallingWordsTests/Info.plist;
				LD_RUNPATH_SEARCH_PATHS = (
					"$(inherited)",
					"@executable_path/Frameworks",
					"@loader_path/Frameworks",
				);
				PRODUCT_BUNDLE_IDENTIFIER = com.babbel.fallingwords.FallingWordsTests;
				PRODUCT_NAME = "$(TARGET_NAME)";
				SWIFT_VERSION = 5.0;
				TARGETED_DEVICE_FAMILY = "1,2";
				TEST_HOST = "$(BUILT_PRODUCTS_DIR)/FallingWords.app/FallingWords";
			};
			name = Debug;
		};
		80CEBA6C23377CA000FE10C6 /* Release */ = {
			isa = XCBuildConfiguration;
			buildSettings = {
				ALWAYS_EMBED_SWIFT_STANDARD_LIBRARIES = YES;
				BUNDLE_LOADER = "$(TEST_HOST)";
				CODE_SIGN_STYLE = Automatic;
				INFOPLIST_FILE = FallingWordsTests/Info.plist;
				LD_RUNPATH_SEARCH_PATHS = (
					"$(inherited)",
					"@executable_path/Frameworks",
					"@loader_path/Frameworks",
				);
				PRODUCT_BUNDLE_IDENTIFIER = com.babbel.fallingwords.FallingWordsTests;
				PRODUCT_NAME = "$(TARGET_NAME)";
				SWIFT_VERSION = 5.0;
				TARGETED_DEVICE_FAMILY = "1,2";
				TEST_HOST = "$(BUILT_PRODUCTS_DIR)/FallingWords.app/FallingWords";
			};
			name = Release;
		};
/* End XCBuildConfiguration section */

/* Begin XCConfigurationList section */
		80CEBA4523377C9D00FE10C6 /* Build configuration list for PBXProject "FallingWords" */ = {
			isa = XCConfigurationList;
			buildConfigurations = (
				80CEBA6523377CA000FE10C6 /* Debug */,
				80CEBA6623377CA000FE10C6 /* Release */,
			);
			defaultConfigurationIsVisible = 0;
			defaultConfigurationName = Release;
		};
		80CEBA6723377CA000FE10C6 /* Build configuration list for PBXNativeTarget "FallingWords" */ = {
			isa = XCConfigurationList;
			buildConfigurations = (
				80CEBA6823377CA000FE10C6 /* Debug */,
				80CEBA6923377CA000FE10C6 /* Release */,
			);
			defaultConfigurationIsVisible = 0;
			defaultConfigurationName = Release;
		};
		80CEBA6A23377CA000FE10C6 /* Build configuration list for PBXNativeTarget "FallingWordsTests" */ = {
			isa = XCConfigurationList;
			buildConfigurations = (
				80CEBA6B23377CA000FE10C6 /* Debug */,
				80CEBA6C23377CA000FE10C6 /* Release */,
			);
			defaultConfigurationIsVisible = 0;
			defaultConfigurationName = Release;
		};
/* End XCConfigurationList section */
	};
	rootObject = 80CEBA4223377C9D00FE10C6 /* Project object */;
}
